// !$*UTF8*$!
{
	archiveVersion = 1;
	classes = {
	};
	objectVersion = 56;
	objects = {

/* Begin PBXBuildFile section */
		AD78A226298C6144009C8565 /* NetworkManager.swift in Sources */ = {isa = PBXBuildFile; fileRef = AD78A225298C6144009C8565 /* NetworkManager.swift */; };
		AD9DE529298D2A8C001E659A /* PostData.swift in Sources */ = {isa = PBXBuildFile; fileRef = AD9DE528298D2A8C001E659A /* PostData.swift */; };
		AD9DE52E298D30A2001E659A /* DetailView.swift in Sources */ = {isa = PBXBuildFile; fileRef = AD9DE52D298D30A2001E659A /* DetailView.swift */; };
		ADAB0F6F298C5BB10015C682 /* H4CK3RNEWS_SwiftUIApp.swift in Sources */ = {isa = PBXBuildFile; fileRef = ADAB0F6E298C5BB10015C682 /* H4CK3RNEWS_SwiftUIApp.swift */; };
		ADAB0F71298C5BB10015C682 /* ContentView.swift in Sources */ = {isa = PBXBuildFile; fileRef = ADAB0F70298C5BB10015C682 /* ContentView.swift */; };
		ADAB0F73298C5BB10015C682 /* Assets.xcassets in Resources */ = {isa = PBXBuildFile; fileRef = ADAB0F72298C5BB10015C682 /* Assets.xcassets */; };
		ADAB0F76298C5BB10015C682 /* Preview Assets.xcassets in Resources */ = {isa = PBXBuildFile; fileRef = ADAB0F75298C5BB10015C682 /* Preview Assets.xcassets */; };
		ADD7C99B29C49A1B002CB5A4 /* README.md in Resources */ = {isa = PBXBuildFile; fileRef = ADD7C99A29C49A1B002CB5A4 /* README.md */; };
/* End PBXBuildFile section */

/* Begin PBXFileReference section */
		AD78A225298C6144009C8565 /* NetworkManager.swift */ = {isa = PBXFileReference; lastKnownFileType = sourcecode.swift; path = NetworkManager.swift; sourceTree = "<group>"; };
		AD9DE528298D2A8C001E659A /* PostData.swift */ = {isa = PBXFileReference; lastKnownFileType = sourcecode.swift; path = PostData.swift; sourceTree = "<group>"; };
		AD9DE52D298D30A2001E659A /* DetailView.swift */ = {isa = PBXFileReference; lastKnownFileType = sourcecode.swift; path = DetailView.swift; sourceTree = "<group>"; };
		ADAB0F6B298C5BB10015C682 /* H4CK3RNEWS_SwiftUI.app */ = {isa = PBXFileReference; explicitFileType = wrapper.application; includeInIndex = 0; path = H4CK3RNEWS_SwiftUI.app; sourceTree = BUILT_PRODUCTS_DIR; };
		ADAB0F6E298C5BB10015C682 /* H4CK3RNEWS_SwiftUIApp.swift */ = {isa = PBXFileReference; lastKnownFileType = sourcecode.swift; path = H4CK3RNEWS_SwiftUIApp.swift; sourceTree = "<group>"; };
		ADAB0F70298C5BB10015C682 /* ContentView.swift */ = {isa = PBXFileReference; lastKnownFileType = sourcecode.swift; path = ContentView.swift; sourceTree = "<group>"; };
		ADAB0F72298C5BB10015C682 /* Assets.xcassets */ = {isa = PBXFileReference; lastKnownFileType = folder.assetcatalog; path = Assets.xcassets; sourceTree = "<group>"; };
		ADAB0F75298C5BB10015C682 /* Preview Assets.xcassets */ = {isa = PBXFileReference; lastKnownFileType = folder.assetcatalog; path = "Preview Assets.xcassets"; sourceTree = "<group>"; };
		ADD7C99A29C49A1B002CB5A4 /* README.md */ = {isa = PBXFileReference; fileEncoding = 4; lastKnownFileType = net.daringfireball.markdown; path = README.md; sourceTree = SOURCE_ROOT; };
/* End PBXFileReference section */

/* Begin PBXFrameworksBuildPhase section */
		ADAB0F68298C5BB10015C682 /* Frameworks */ = {
			isa = PBXFrameworksBuildPhase;
			buildActionMask = 2147483647;
			files = (
			);
			runOnlyForDeploymentPostprocessing = 0;
		};
/* End PBXFrameworksBuildPhase section */

/* Begin PBXGroup section */
		AD78A224298C60FA009C8565 /* Models */ = {
			isa = PBXGroup;
			children = (
				AD78A225298C6144009C8565 /* NetworkManager.swift */,
				AD9DE528298D2A8C001E659A /* PostData.swift */,
			);
			path = Models;
			sourceTree = "<group>";
		};
		ADAB0F62298C5BB10015C682 = {
			isa = PBXGroup;
			children = (
				ADAB0F6D298C5BB10015C682 /* H4CK3RNEWS_SwiftUI */,
				ADAB0F6C298C5BB10015C682 /* Products */,
			);
			sourceTree = "<group>";
		};
		ADAB0F6C298C5BB10015C682 /* Products */ = {
			isa = PBXGroup;
			children = (
				ADAB0F6B298C5BB10015C682 /* H4CK3RNEWS_SwiftUI.app */,
			);
			name = Products;
			sourceTree = "<group>";
		};
		ADAB0F6D298C5BB10015C682 /* H4CK3RNEWS_SwiftUI */ = {
			isa = PBXGroup;
			children = (
				ADD7C99A29C49A1B002CB5A4 /* README.md */,
				AD78A224298C60FA009C8565 /* Models */,
				ADAB0F7C298C5C040015C682 /* Views */,
				ADAB0F6E298C5BB10015C682 /* H4CK3RNEWS_SwiftUIApp.swift */,
				ADAB0F72298C5BB10015C682 /* Assets.xcassets */,
				ADAB0F74298C5BB10015C682 /* Preview Content */,
			);
			path = H4CK3RNEWS_SwiftUI;
			sourceTree = "<group>";
		};
		ADAB0F74298C5BB10015C682 /* Preview Content */ = {
			isa = PBXGroup;
			children = (
				ADAB0F75298C5BB10015C682 /* Preview Assets.xcassets */,
			);
			path = "Preview Content";
			sourceTree = "<group>";
		};
		ADAB0F7C298C5C040015C682 /* Views */ = {
			isa = PBXGroup;
			children = (
				ADAB0F70298C5BB10015C682 /* ContentView.swift */,
				AD9DE52D298D30A2001E659A /* DetailView.swift */,
			);
			path = Views;
			sourceTree = "<group>";
		};
/* End PBXGroup section */

/* Begin PBXNativeTarget section */
		ADAB0F6A298C5BB10015C682 /* H4CK3RNEWS_SwiftUI */ = {
			isa = PBXNativeTarget;
			buildConfigurationList = ADAB0F79298C5BB10015C682 /* Build configuration list for PBXNativeTarget "H4CK3RNEWS_SwiftUI" */;
			buildPhases = (
				ADAB0F67298C5BB10015C682 /* Sources */,
				ADAB0F68298C5BB10015C682 /* Frameworks */,
				ADAB0F69298C5BB10015C682 /* Resources */,
			);
			buildRules = (
			);
			dependencies = (
			);
			name = H4CK3RNEWS_SwiftUI;
			productName = H4CK3RNEWS_SwiftUI;
			productReference = ADAB0F6B298C5BB10015C682 /* H4CK3RNEWS_SwiftUI.app */;
			productType = "com.apple.product-type.application";
		};
/* End PBXNativeTarget section */

/* Begin PBXProject section */
		ADAB0F63298C5BB10015C682 /* Project object */ = {
			isa = PBXProject;
			attributes = {
				BuildIndependentTargetsInParallel = 1;
				LastSwiftUpdateCheck = 1420;
				LastUpgradeCheck = 1420;
				TargetAttributes = {
					ADAB0F6A298C5BB10015C682 = {
						CreatedOnToolsVersion = 14.2;
					};
				};
			};
			buildConfigurationList = ADAB0F66298C5BB10015C682 /* Build configuration list for PBXProject "H4CK3RNEWS_SwiftUI" */;
			compatibilityVersion = "Xcode 14.0";
			developmentRegion = en;
			hasScannedForEncodings = 0;
			knownRegions = (
				en,
				Base,
			);
			mainGroup = ADAB0F62298C5BB10015C682;
			productRefGroup = ADAB0F6C298C5BB10015C682 /* Products */;
			projectDirPath = "";
			projectRoot = "";
			targets = (
				ADAB0F6A298C5BB10015C682 /* H4CK3RNEWS_SwiftUI */,
			);
		};
/* End PBXProject section */

/* Begin PBXResourcesBuildPhase section */
		ADAB0F69298C5BB10015C682 /* Resources */ = {
			isa = PBXResourcesBuildPhase;
			buildActionMask = 2147483647;
			files = (
				ADD7C99B29C49A1B002CB5A4 /* README.md in Resources */,
				ADAB0F76298C5BB10015C682 /* Preview Assets.xcassets in Resources */,
				ADAB0F73298C5BB10015C682 /* Assets.xcassets in Resources */,
			);
			runOnlyForDeploymentPostprocessing = 0;
		};
/* End PBXResourcesBuildPhase section */

/* Begin PBXSourcesBuildPhase section */
		ADAB0F67298C5BB10015C682 /* Sources */ = {
			isa = PBXSourcesBuildPhase;
			buildActionMask = 2147483647;
			files = (
				AD78A226298C6144009C8565 /* NetworkManager.swift in Sources */,
				AD9DE529298D2A8C001E659A /* PostData.swift in Sources */,
				ADAB0F71298C5BB10015C682 /* ContentView.swift in Sources */,
				AD9DE52E298D30A2001E659A /* DetailView.swift in Sources */,
				ADAB0F6F298C5BB10015C682 /* H4CK3RNEWS_SwiftUIApp.swift in Sources */,
			);
			runOnlyForDeploymentPostprocessing = 0;
		};
/* End PBXSourcesBuildPhase section */

/* Begin XCBuildConfiguration section */
		ADAB0F77298C5BB10015C682 /* Debug */ = {
			isa = XCBuildConfiguration;
			buildSettings = {
				ALWAYS_SEARCH_USER_PATHS = NO;
				CLANG_ANALYZER_NONNULL = YES;
				CLANG_ANALYZER_NUMBER_OBJECT_CONVERSION = YES_AGGRESSIVE;
				CLANG_CXX_LANGUAGE_STANDARD = "gnu++20";
				CLANG_ENABLE_MODULES = YES;
				CLANG_ENABLE_OBJC_ARC = YES;
				CLANG_ENABLE_OBJC_WEAK = YES;
				CLANG_WARN_BLOCK_CAPTURE_AUTORELEASING = YES;
				CLANG_WARN_BOOL_CONVERSION = YES;
				CLANG_WARN_COMMA = YES;
				CLANG_WARN_CONSTANT_CONVERSION = YES;
				CLANG_WARN_DEPRECATED_OBJC_IMPLEMENTATIONS = YES;
				CLANG_WARN_DIRECT_OBJC_ISA_USAGE = YES_ERROR;
				CLANG_WARN_DOCUMENTATION_COMMENTS = YES;
				CLANG_WARN_EMPTY_BODY = YES;
				CLANG_WARN_ENUM_CONVERSION = YES;
				CLANG_WARN_INFINITE_RECURSION = YES;
				CLANG_WARN_INT_CONVERSION = YES;
				CLANG_WARN_NON_LITERAL_NULL_CONVERSION = YES;
				CLANG_WARN_OBJC_IMPLICIT_RETAIN_SELF = YES;
				CLANG_WARN_OBJC_LITERAL_CONVERSION = YES;
				CLANG_WARN_OBJC_ROOT_CLASS = YES_ERROR;
				CLANG_WARN_QUOTED_INCLUDE_IN_FRAMEWORK_HEADER = YES;
				CLANG_WARN_RANGE_LOOP_ANALYSIS = YES;
				CLANG_WARN_STRICT_PROTOTYPES = YES;
				CLANG_WARN_SUSPICIOUS_MOVE = YES;
				CLANG_WARN_UNGUARDED_AVAILABILITY = YES_AGGRESSIVE;
				CLANG_WARN_UNREACHABLE_CODE = YES;
				CLANG_WARN__DUPLICATE_METHOD_MATCH = YES;
				COPY_PHASE_STRIP = NO;
				DEBUG_INFORMATION_FORMAT = dwarf;
				ENABLE_STRICT_OBJC_MSGSEND = YES;
				ENABLE_TESTABILITY = YES;
				GCC_C_LANGUAGE_STANDARD = gnu11;
				GCC_DYNAMIC_NO_PIC = NO;
				GCC_NO_COMMON_BLOCKS = YES;
				GCC_OPTIMIZATION_LEVEL = 0;
				GCC_PREPROCESSOR_DEFINITIONS = (
					"DEBUG=1",
					"$(inherited)",
				);
				GCC_WARN_64_TO_32_BIT_CONVERSION = YES;
				GCC_WARN_ABOUT_RETURN_TYPE = YES_ERROR;
				GCC_WARN_UNDECLARED_SELECTOR = YES;
				GCC_WARN_UNINITIALIZED_AUTOS = YES_AGGRESSIVE;
				GCC_WARN_UNUSED_FUNCTION = YES;
				GCC_WARN_UNUSED_VARIABLE = YES;
				IPHONEOS_DEPLOYMENT_TARGET = 16.2;
				MTL_ENABLE_DEBUG_INFO = INCLUDE_SOURCE;
				MTL_FAST_MATH = YES;
				ONLY_ACTIVE_ARCH = YES;
				SDKROOT = iphoneos;
				SWIFT_ACTIVE_COMPILATION_CONDITIONS = DEBUG;
				SWIFT_OPTIMIZATION_LEVEL = "-Onone";
			};
			name = Debug;
		};
		ADAB0F78298C5BB10015C682 /* Release */ = {
			isa = XCBuildConfiguration;
			buildSettings = {
				ALWAYS_SEARCH_USER_PATHS = NO;
				CLANG_ANALYZER_NONNULL = YES;
				CLANG_ANALYZER_NUMBER_OBJECT_CONVERSION = YES_AGGRESSIVE;
				CLANG_CXX_LANGUAGE_STANDARD = "gnu++20";
				CLANG_ENABLE_MODULES = YES;
				CLANG_ENABLE_OBJC_ARC = YES;
				CLANG_ENABLE_OBJC_WEAK = YES;
				CLANG_WARN_BLOCK_CAPTURE_AUTORELEASING = YES;
				CLANG_WARN_BOOL_CONVERSION = YES;
				CLANG_WARN_COMMA = YES;
				CLANG_WARN_CONSTANT_CONVERSION = YES;
				CLANG_WARN_DEPRECATED_OBJC_IMPLEMENTATIONS = YES;
				CLANG_WARN_DIRECT_OBJC_ISA_USAGE = YES_ERROR;
				CLANG_WARN_DOCUMENTATION_COMMENTS = YES;
				CLANG_WARN_EMPTY_BODY = YES;
				CLANG_WARN_ENUM_CONVERSION = YES;
				CLANG_WARN_INFINITE_RECURSION = YES;
				CLANG_WARN_INT_CONVERSION = YES;
				CLANG_WARN_NON_LITERAL_NULL_CONVERSION = YES;
				CLANG_WARN_OBJC_IMPLICIT_RETAIN_SELF = YES;
				CLANG_WARN_OBJC_LITERAL_CONVERSION = YES;
				CLANG_WARN_OBJC_ROOT_CLASS = YES_ERROR;
				CLANG_WARN_QUOTED_INCLUDE_IN_FRAMEWORK_HEADER = YES;
				CLANG_WARN_RANGE_LOOP_ANALYSIS = YES;
				CLANG_WARN_STRICT_PROTOTYPES = YES;
				CLANG_WARN_SUSPICIOUS_MOVE = YES;
				CLANG_WARN_UNGUARDED_AVAILABILITY = YES_AGGRESSIVE;
				CLANG_WARN_UNREACHABLE_CODE = YES;
				CLANG_WARN__DUPLICATE_METHOD_MATCH = YES;
				COPY_PHASE_STRIP = NO;
				DEBUG_INFORMATION_FORMAT = "dwarf-with-dsym";
				ENABLE_NS_ASSERTIONS = NO;
				ENABLE_STRICT_OBJC_MSGSEND = YES;
				GCC_C_LANGUAGE_STANDARD = gnu11;
				GCC_NO_COMMON_BLOCKS = YES;
				GCC_WARN_64_TO_32_BIT_CONVERSION = YES;
				GCC_WARN_ABOUT_RETURN_TYPE = YES_ERROR;
				GCC_WARN_UNDECLARED_SELECTOR = YES;
				GCC_WARN_UNINITIALIZED_AUTOS = YES_AGGRESSIVE;
				GCC_WARN_UNUSED_FUNCTION = YES;
				GCC_WARN_UNUSED_VARIABLE = YES;
				IPHONEOS_DEPLOYMENT_TARGET = 16.2;
				MTL_ENABLE_DEBUG_INFO = NO;
				MTL_FAST_MATH = YES;
				SDKROOT = iphoneos;
				SWIFT_COMPILATION_MODE = wholemodule;
				SWIFT_OPTIMIZATION_LEVEL = "-O";
				VALIDATE_PRODUCT = YES;
			};
			name = Release;
		};
		ADAB0F7A298C5BB10015C682 /* Debug */ = {
			isa = XCBuildConfiguration;
			buildSettings = {
				ASSETCATALOG_COMPILER_APPICON_NAME = AppIcon;
				ASSETCATALOG_COMPILER_GLOBAL_ACCENT_COLOR_NAME = AccentColor;
				CODE_SIGN_STYLE = Automatic;
				CURRENT_PROJECT_VERSION = 1;
				DEVELOPMENT_ASSET_PATHS = "\"H4CK3RNEWS_SwiftUI/Preview Content\"";
				ENABLE_PREVIEWS = YES;
				GENERATE_INFOPLIST_FILE = YES;
				INFOPLIST_KEY_UIApplicationSceneManifest_Generation = YES;
				INFOPLIST_KEY_UIApplicationSupportsIndirectInputEvents = YES;
				INFOPLIST_KEY_UILaunchScreen_Generation = YES;
				INFOPLIST_KEY_UISupportedInterfaceOrientations_iPad = "UIInterfaceOrientationPortrait UIInterfaceOrientationPortraitUpsideDown UIInterfaceOrientationLandscapeLeft UIInterfaceOrientationLandscapeRight";
				INFOPLIST_KEY_UISupportedInterfaceOrientations_iPhone = "UIInterfaceOrientationPortrait UIInterfaceOrientationLandscapeLeft UIInterfaceOrientationLandscapeRight";
				LD_RUNPATH_SEARCH_PATHS = (
					"$(inherited)",
					"@executable_path/Frameworks",
				);
				MARKETING_VERSION = 1.0;
				PRODUCT_BUNDLE_IDENTIFIER = "com.anthonydev.H4CK3RNEWS-SwiftUI";
				PRODUCT_NAME = "$(TARGET_NAME)";
				SWIFT_EMIT_LOC_STRINGS = YES;
				SWIFT_VERSION = 5.0;
				TARGETED_DEVICE_FAMILY = "1,2";
			};
			name = Debug;
		};
		ADAB0F7B298C5BB10015C682 /* Release */ = {
			isa = XCBuildConfiguration;
			buildSettings = {
				ASSETCATALOG_COMPILER_APPICON_NAME = AppIcon;
				ASSETCATALOG_COMPILER_GLOBAL_ACCENT_COLOR_NAME = AccentColor;
				CODE_SIGN_STYLE = Automatic;
				CURRENT_PROJECT_VERSION = 1;
				DEVELOPMENT_ASSET_PATHS = "\"H4CK3RNEWS_SwiftUI/Preview Content\"";
				ENABLE_PREVIEWS = YES;
				GENERATE_INFOPLIST_FILE = YES;
				INFOPLIST_KEY_UIApplicationSceneManifest_Generation = YES;
				INFOPLIST_KEY_UIApplicationSupportsIndirectInputEvents = YES;
				INFOPLIST_KEY_UILaunchScreen_Generation = YES;
				INFOPLIST_KEY_UISupportedInterfaceOrientations_iPad = "UIInterfaceOrientationPortrait UIInterfaceOrientationPortraitUpsideDown UIInterfaceOrientationLandscapeLeft UIInterfaceOrientationLandscapeRight";
				INFOPLIST_KEY_UISupportedInterfaceOrientations_iPhone = "UIInterfaceOrientationPortrait UIInterfaceOrientationLandscapeLeft UIInterfaceOrientationLandscapeRight";
				LD_RUNPATH_SEARCH_PATHS = (
					"$(inherited)",
					"@executable_path/Frameworks",
				);
				MARKETING_VERSION = 1.0;
				PRODUCT_BUNDLE_IDENTIFIER = "com.anthonydev.H4CK3RNEWS-SwiftUI";
				PRODUCT_NAME = "$(TARGET_NAME)";
				SWIFT_EMIT_LOC_STRINGS = YES;
				SWIFT_VERSION = 5.0;
				TARGETED_DEVICE_FAMILY = "1,2";
			};
			name = Release;
		};
/* End XCBuildConfiguration section */

/* Begin XCConfigurationList section */
		ADAB0F66298C5BB10015C682 /* Build configuration list for PBXProject "H4CK3RNEWS_SwiftUI" */ = {
			isa = XCConfigurationList;
			buildConfigurations = (
				ADAB0F77298C5BB10015C682 /* Debug */,
				ADAB0F78298C5BB10015C682 /* Release */,
			);
			defaultConfigurationIsVisible = 0;
			defaultConfigurationName = Release;
		};
		ADAB0F79298C5BB10015C682 /* Build configuration list for PBXNativeTarget "H4CK3RNEWS_SwiftUI" */ = {
			isa = XCConfigurationList;
			buildConfigurations = (
				ADAB0F7A298C5BB10015C682 /* Debug */,
				ADAB0F7B298C5BB10015C682 /* Release */,
			);
			defaultConfigurationIsVisible = 0;
			defaultConfigurationName = Release;
		};
/* End XCConfigurationList section */
	};
	rootObject = ADAB0F63298C5BB10015C682 /* Project object */;
}
